
Microsoft Visual Studio Solution File, Format Version 12.00
# Visual Studio Version 16
VisualStudioVersion = 25.0.1706.5
MinimumVisualStudioVersion = 10.0.40219.1
Project("{FAE04EC0-301F-11D3-BF4B-00C04F79EFBC}") = "Test1", "Test1\Test1.csproj", "{84277D7D-4ED0-45C6-A4DE-BABB2540D483}"
EndProject
Global
	GlobalSection(SolutionConfigurationPlatforms) = preSolution
		Debug|Any CPU = Debug|Any CPU
		Release|Any CPU = Release|Any CPU
	EndGlobalSection
	GlobalSection(ProjectConfigurationPlatforms) = postSolution
		{84277D7D-4ED0-45C6-A4DE-BABB2540D483}.Debug|Any CPU.ActiveCfg = Debug|Any CPU
		{84277D7D-4ED0-45C6-A4DE-BABB2540D483}.Debug|Any CPU.Build.0 = Debug|Any CPU
		{84277D7D-4ED0-45C6-A4DE-BABB2540D483}.Release|Any CPU.ActiveCfg = Release|Any CPU
		{84277D7D-4ED0-45C6-A4DE-BABB2540D483}.Release|Any CPU.Build.0 = Release|Any CPU
	EndGlobalSection
	GlobalSection(SolutionProperties) = preSolution
		HideSolutionNode = FALSE
	EndGlobalSection
	GlobalSection(ExtensibilityGlobals) = postSolution
		SolutionGuid = {1D022DF4-8F49-4788-8171-7B4073CBE614}
	EndGlobalSection
EndGlobal
