
Microsoft Visual Studio Solution File, Format Version 12.00
# Visual Studio Version 17
VisualStudioVersion = 17.7.34202.233
MinimumVisualStudioVersion = 10.0.40219.1
Project("{FAE04EC0-301F-11D3-BF4B-00C04F79EFBC}") = "Test3", "Test3\Test3.csproj", "{AEDF977A-E5CD-4E81-8AFE-B2CF9FB030E7}"
EndProject
Global
	GlobalSection(SolutionConfigurationPlatforms) = preSolution
		Debug|Any CPU = Debug|Any CPU
		Release|Any CPU = Release|Any CPU
	EndGlobalSection
	GlobalSection(ProjectConfigurationPlatforms) = postSolution
		{AEDF977A-E5CD-4E81-8AFE-B2CF9FB030E7}.Debug|Any CPU.ActiveCfg = Debug|Any CPU
		{AEDF977A-E5CD-4E81-8AFE-B2CF9FB030E7}.Debug|Any CPU.Build.0 = Debug|Any CPU
		{AEDF977A-E5CD-4E81-8AFE-B2CF9FB030E7}.Release|Any CPU.ActiveCfg = Release|Any CPU
		{AEDF977A-E5CD-4E81-8AFE-B2CF9FB030E7}.Release|Any CPU.Build.0 = Release|Any CPU
	EndGlobalSection
	GlobalSection(SolutionProperties) = preSolution
		HideSolutionNode = FALSE
	EndGlobalSection
	GlobalSection(ExtensibilityGlobals) = postSolution
		SolutionGuid = {E34216AA-C586-46AC-B115-F8174608C29F}
	EndGlobalSection
EndGlobal
